
Microsoft Visual Studio Solution File, Format Version 12.00
# Visual Studio 15
VisualStudioVersion = 15.0.28307.1145
MinimumVisualStudioVersion = 10.0.40219.1
Project("{FAE04EC0-301F-11D3-BF4B-00C04F79EFBC}") = "claims-and-complaints", "claims-and-complaints\claims-and-complaints.csproj", "{317868BB-0F5A-42E6-ABB2-1CA0C504F0DF}"
EndProject
Global
	GlobalSection(SolutionConfigurationPlatforms) = preSolution
		Debug|Any CPU = Debug|Any CPU
		Release|Any CPU = Release|Any CPU
	EndGlobalSection
	GlobalSection(ProjectConfigurationPlatforms) = postSolution
		{317868BB-0F5A-42E6-ABB2-1CA0C504F0DF}.Debug|Any CPU.ActiveCfg = Debug|Any CPU
		{317868BB-0F5A-42E6-ABB2-1CA0C504F0DF}.Debug|Any CPU.Build.0 = Debug|Any CPU
		{317868BB-0F5A-42E6-ABB2-1CA0C504F0DF}.Release|Any CPU.ActiveCfg = Release|Any CPU
		{317868BB-0F5A-42E6-ABB2-1CA0C504F0DF}.Release|Any CPU.Build.0 = Release|Any CPU
	EndGlobalSection
	GlobalSection(SolutionProperties) = preSolution
		HideSolutionNode = FALSE
	EndGlobalSection
	GlobalSection(ExtensibilityGlobals) = postSolution
		SolutionGuid = {44CEB83C-6BA6-468B-B184-A4857727D8B7}
	EndGlobalSection
EndGlobal
